
Microsoft Visual Studio Solution File, Format Version 9.00
# Visual C++ Express 2005
Project("{8BC9CEB8-8B4A-11D0-8D11-00A0C91BC942}") = "LPTtrigger", "LPTtrigger.vcproj", "{896DB9D9-D946-49A0-8928-15C766E1EBF9}"
EndProject
Project("{8BC9CEB8-8B4A-11D0-8D11-00A0C91BC942}") = "testport", "testport.vcproj", "{301902E4-E378-4301-8CBD-BB96EA000DA8}"
EndProject
Global
	GlobalSection(SolutionConfigurationPlatforms) = preSolution
		Debug|Win32 = Debug|Win32
		Release|Win32 = Release|Win32
	EndGlobalSection
	GlobalSection(ProjectConfigurationPlatforms) = postSolution
		{896DB9D9-D946-49A0-8928-15C766E1EBF9}.Debug|Win32.ActiveCfg = Debug|Win32
		{896DB9D9-D946-49A0-8928-15C766E1EBF9}.Debug|Win32.Build.0 = Debug|Win32
		{896DB9D9-D946-49A0-8928-15C766E1EBF9}.Release|Win32.ActiveCfg = Release|Win32
		{896DB9D9-D946-49A0-8928-15C766E1EBF9}.Release|Win32.Build.0 = Release|Win32
		{301902E4-E378-4301-8CBD-BB96EA000DA8}.Debug|Win32.ActiveCfg = Debug|Win32
		{301902E4-E378-4301-8CBD-BB96EA000DA8}.Debug|Win32.Build.0 = Debug|Win32
		{301902E4-E378-4301-8CBD-BB96EA000DA8}.Release|Win32.ActiveCfg = Release|Win32
		{301902E4-E378-4301-8CBD-BB96EA000DA8}.Release|Win32.Build.0 = Release|Win32
	EndGlobalSection
	GlobalSection(SolutionProperties) = preSolution
		HideSolutionNode = FALSE
	EndGlobalSection
EndGlobal
