
Microsoft Visual Studio Solution File, Format Version 9.00
# Visual C++ Express 2005
Project("{8BC9CEB8-8B4A-11D0-8D11-00A0C91BC942}") = "LPTtrigger", "LPTtrigger.vcproj", "{D4A43727-F576-40E2-A37C-8B96D62A8E7A}"
EndProject
Project("{8BC9CEB8-8B4A-11D0-8D11-00A0C91BC942}") = "testport", "testport.vcproj", "{8AD9EB0E-A36B-4C9B-8572-35853C80538A}"
	ProjectSection(ProjectDependencies) = postProject
		{D4A43727-F576-40E2-A37C-8B96D62A8E7A} = {D4A43727-F576-40E2-A37C-8B96D62A8E7A}
	EndProjectSection
EndProject
Global
	GlobalSection(SolutionConfigurationPlatforms) = preSolution
		Debug|Win32 = Debug|Win32
		Release|Win32 = Release|Win32
	EndGlobalSection
	GlobalSection(ProjectConfigurationPlatforms) = postSolution
		{D4A43727-F576-40E2-A37C-8B96D62A8E7A}.Debug|Win32.ActiveCfg = Debug|Win32
		{D4A43727-F576-40E2-A37C-8B96D62A8E7A}.Debug|Win32.Build.0 = Debug|Win32
		{D4A43727-F576-40E2-A37C-8B96D62A8E7A}.Release|Win32.ActiveCfg = Release|Win32
		{D4A43727-F576-40E2-A37C-8B96D62A8E7A}.Release|Win32.Build.0 = Release|Win32
		{8AD9EB0E-A36B-4C9B-8572-35853C80538A}.Debug|Win32.ActiveCfg = Debug|Win32
		{8AD9EB0E-A36B-4C9B-8572-35853C80538A}.Debug|Win32.Build.0 = Debug|Win32
		{8AD9EB0E-A36B-4C9B-8572-35853C80538A}.Release|Win32.ActiveCfg = Release|Win32
		{8AD9EB0E-A36B-4C9B-8572-35853C80538A}.Release|Win32.Build.0 = Release|Win32
	EndGlobalSection
	GlobalSection(SolutionProperties) = preSolution
		HideSolutionNode = FALSE
	EndGlobalSection
EndGlobal
